
Microsoft Visual Studio Solution File, Format Version 12.00
# Visual Studio Version 17
VisualStudioVersion = 17.6.33723.286
MinimumVisualStudioVersion = 10.0.40219.1
Project("{2150E333-8FDC-42A3-9474-1A3956D46DE8}") = "Assignment2", "Assignment2", "{F82953B2-4AAC-460B-B2B9-A0C1EE5BDBF4}"
EndProject
Project("{9A19103F-16F7-4668-BE54-9A1E7A4F7556}") = "A2Task2", "Assignment2\Task2\A2Task2.csproj", "{DED955E5-16AE-4EC7-8FC1-50A74F063334}"
EndProject
Project("{9A19103F-16F7-4668-BE54-9A1E7A4F7556}") = "A2Task3", "Assignment2\Task3\A2Task3.csproj", "{D5CB191C-B703-4733-9A4F-B31799A74EB9}"
EndProject
Project("{9A19103F-16F7-4668-BE54-9A1E7A4F7556}") = "A2Task4", "Assignment2\Task4\A2Task4.csproj", "{191456D7-74FB-4656-92F1-AB341D1DB613}"
EndProject
Project("{2150E333-8FDC-42A3-9474-1A3956D46DE8}") = "Assignment3", "Assignment3", "{74E33762-DDC1-4564-9526-A67DDC5BFBCF}"
EndProject
Project("{9A19103F-16F7-4668-BE54-9A1E7A4F7556}") = "A3Task1", "Assignment3\A3Task1\A3Task1.csproj", "{A6DCD879-7D01-42C9-AC16-62E05BB55F0A}"
EndProject
Project("{9A19103F-16F7-4668-BE54-9A1E7A4F7556}") = "A3Task2", "Assignment3\A3Task2\A3Task2.csproj", "{C9989424-920F-44F9-BB6C-8AC8A85103F0}"
EndProject
Project("{9A19103F-16F7-4668-BE54-9A1E7A4F7556}") = "A3Task3", "Assignment3\A3Task3\A3Task3.csproj", "{17851AD2-7967-48C3-BF6F-147D24FE06C4}"
EndProject
Project("{9A19103F-16F7-4668-BE54-9A1E7A4F7556}") = "A3Task4", "Assignment3\A3Task4\A3Task4.csproj", "{0C250F64-D451-4EC3-A56A-698594FDB758}"
EndProject
Project("{9A19103F-16F7-4668-BE54-9A1E7A4F7556}") = "A3Task5", "Assignment3\A3Task5\A3Task5.csproj", "{5A50BDF1-F6BD-44C1-AAF7-0BAFF90411E7}"
EndProject
Project("{2150E333-8FDC-42A3-9474-1A3956D46DE8}") = "Assignment4", "Assignment4", "{9E737645-5914-46E3-B2A1-570FF1299D54}"
EndProject
Project("{9A19103F-16F7-4668-BE54-9A1E7A4F7556}") = "A4Task1", "Assignment4\A4Task1\A4Task1.csproj", "{2813D3F2-4016-433D-98D1-3AE788C64DE0}"
EndProject
Project("{9A19103F-16F7-4668-BE54-9A1E7A4F7556}") = "A4Task2", "Assignment4\A4Task2\A4Task2.csproj", "{C0ECE619-9A41-46C3-AFC7-5317D50C60CA}"
EndProject
Project("{9A19103F-16F7-4668-BE54-9A1E7A4F7556}") = "A4Task3", "Assignment4\A4Task3\A4Task3.csproj", "{E8AF1C63-1827-44FF-B498-9910ED6ECE66}"
EndProject
Project("{9A19103F-16F7-4668-BE54-9A1E7A4F7556}") = "A4Task4", "Assignment4\A4Task4\A4Task4.csproj", "{6218A945-0E06-4229-A6A5-E404A108D727}"
EndProject
Project("{9A19103F-16F7-4668-BE54-9A1E7A4F7556}") = "A4Task6", "Assignment4\A4Task6\A4Task6.csproj", "{6356B739-5952-41AD-BBE8-A74FADE646BC}"
EndProject
Project("{9A19103F-16F7-4668-BE54-9A1E7A4F7556}") = "A4Task5", "Assignment4\A4Task5\A4Task5.csproj", "{54445A9F-5F86-40FA-8016-1D1F2A7B4B6F}"
EndProject
Project("{2150E333-8FDC-42A3-9474-1A3956D46DE8}") = "Assignment5", "Assignment5", "{6BFA1AEF-1522-4B85-8486-82BFB6DAF343}"
EndProject
Project("{9A19103F-16F7-4668-BE54-9A1E7A4F7556}") = "A5Task1", "Assignment5\A5Task1\A5Task1.csproj", "{B6E42F0E-2F7A-4AE0-A632-0F881A5F6432}"
EndProject
Project("{9A19103F-16F7-4668-BE54-9A1E7A4F7556}") = "A5Task2", "Assignment5\A5Task2\A5Task2.csproj", "{EEEAD3EF-0808-42C0-9FEE-08D823AE8576}"
EndProject
Project("{2150E333-8FDC-42A3-9474-1A3956D46DE8}") = "Assignment6", "Assignment6", "{469EC9EE-9BA8-4F59-895E-11B7B39DF747}"
EndProject
Project("{FAE04EC0-301F-11D3-BF4B-00C04F79EFBC}") = "A6Task1", "Assignment6\A6Task1\A6Task1.csproj", "{3BF69586-33B4-45B9-8DD5-62AA1CBDB395}"
EndProject
Project("{FAE04EC0-301F-11D3-BF4B-00C04F79EFBC}") = "LibrarySystem", "Assignment6\LibrarySystem\LibrarySystem.csproj", "{6FD71648-5B18-4A9D-90FC-838089745A25}"
EndProject
Project("{FAE04EC0-301F-11D3-BF4B-00C04F79EFBC}") = "A6Task2", "Assignment6\A6Task2\A6Task2.csproj", "{A36F1EFF-848D-450D-A182-B13D8DDB2DE6}"
EndProject
Global
	GlobalSection(SolutionConfigurationPlatforms) = preSolution
		Debug|Any CPU = Debug|Any CPU
		Release|Any CPU = Release|Any CPU
	EndGlobalSection
	GlobalSection(ProjectConfigurationPlatforms) = postSolution
		{DED955E5-16AE-4EC7-8FC1-50A74F063334}.Debug|Any CPU.ActiveCfg = Debug|Any CPU
		{DED955E5-16AE-4EC7-8FC1-50A74F063334}.Debug|Any CPU.Build.0 = Debug|Any CPU
		{DED955E5-16AE-4EC7-8FC1-50A74F063334}.Release|Any CPU.ActiveCfg = Release|Any CPU
		{DED955E5-16AE-4EC7-8FC1-50A74F063334}.Release|Any CPU.Build.0 = Release|Any CPU
		{D5CB191C-B703-4733-9A4F-B31799A74EB9}.Debug|Any CPU.ActiveCfg = Debug|Any CPU
		{D5CB191C-B703-4733-9A4F-B31799A74EB9}.Debug|Any CPU.Build.0 = Debug|Any CPU
		{D5CB191C-B703-4733-9A4F-B31799A74EB9}.Release|Any CPU.ActiveCfg = Release|Any CPU
		{D5CB191C-B703-4733-9A4F-B31799A74EB9}.Release|Any CPU.Build.0 = Release|Any CPU
		{191456D7-74FB-4656-92F1-AB341D1DB613}.Debug|Any CPU.ActiveCfg = Debug|Any CPU
		{191456D7-74FB-4656-92F1-AB341D1DB613}.Debug|Any CPU.Build.0 = Debug|Any CPU
		{191456D7-74FB-4656-92F1-AB341D1DB613}.Release|Any CPU.ActiveCfg = Release|Any CPU
		{191456D7-74FB-4656-92F1-AB341D1DB613}.Release|Any CPU.Build.0 = Release|Any CPU
		{A6DCD879-7D01-42C9-AC16-62E05BB55F0A}.Debug|Any CPU.ActiveCfg = Debug|Any CPU
		{A6DCD879-7D01-42C9-AC16-62E05BB55F0A}.Debug|Any CPU.Build.0 = Debug|Any CPU
		{A6DCD879-7D01-42C9-AC16-62E05BB55F0A}.Release|Any CPU.ActiveCfg = Release|Any CPU
		{A6DCD879-7D01-42C9-AC16-62E05BB55F0A}.Release|Any CPU.Build.0 = Release|Any CPU
		{C9989424-920F-44F9-BB6C-8AC8A85103F0}.Debug|Any CPU.ActiveCfg = Debug|Any CPU
		{C9989424-920F-44F9-BB6C-8AC8A85103F0}.Debug|Any CPU.Build.0 = Debug|Any CPU
		{C9989424-920F-44F9-BB6C-8AC8A85103F0}.Release|Any CPU.ActiveCfg = Release|Any CPU
		{C9989424-920F-44F9-BB6C-8AC8A85103F0}.Release|Any CPU.Build.0 = Release|Any CPU
		{17851AD2-7967-48C3-BF6F-147D24FE06C4}.Debug|Any CPU.ActiveCfg = Debug|Any CPU
		{17851AD2-7967-48C3-BF6F-147D24FE06C4}.Debug|Any CPU.Build.0 = Debug|Any CPU
		{17851AD2-7967-48C3-BF6F-147D24FE06C4}.Release|Any CPU.ActiveCfg = Release|Any CPU
		{17851AD2-7967-48C3-BF6F-147D24FE06C4}.Release|Any CPU.Build.0 = Release|Any CPU
		{0C250F64-D451-4EC3-A56A-698594FDB758}.Debug|Any CPU.ActiveCfg = Debug|Any CPU
		{0C250F64-D451-4EC3-A56A-698594FDB758}.Debug|Any CPU.Build.0 = Debug|Any CPU
		{0C250F64-D451-4EC3-A56A-698594FDB758}.Release|Any CPU.ActiveCfg = Release|Any CPU
		{0C250F64-D451-4EC3-A56A-698594FDB758}.Release|Any CPU.Build.0 = Release|Any CPU
		{5A50BDF1-F6BD-44C1-AAF7-0BAFF90411E7}.Debug|Any CPU.ActiveCfg = Debug|Any CPU
		{5A50BDF1-F6BD-44C1-AAF7-0BAFF90411E7}.Debug|Any CPU.Build.0 = Debug|Any CPU
		{5A50BDF1-F6BD-44C1-AAF7-0BAFF90411E7}.Release|Any CPU.ActiveCfg = Release|Any CPU
		{5A50BDF1-F6BD-44C1-AAF7-0BAFF90411E7}.Release|Any CPU.Build.0 = Release|Any CPU
		{2813D3F2-4016-433D-98D1-3AE788C64DE0}.Debug|Any CPU.ActiveCfg = Debug|Any CPU
		{2813D3F2-4016-433D-98D1-3AE788C64DE0}.Debug|Any CPU.Build.0 = Debug|Any CPU
		{2813D3F2-4016-433D-98D1-3AE788C64DE0}.Release|Any CPU.ActiveCfg = Release|Any CPU
		{2813D3F2-4016-433D-98D1-3AE788C64DE0}.Release|Any CPU.Build.0 = Release|Any CPU
		{C0ECE619-9A41-46C3-AFC7-5317D50C60CA}.Debug|Any CPU.ActiveCfg = Debug|Any CPU
		{C0ECE619-9A41-46C3-AFC7-5317D50C60CA}.Debug|Any CPU.Build.0 = Debug|Any CPU
		{C0ECE619-9A41-46C3-AFC7-5317D50C60CA}.Release|Any CPU.ActiveCfg = Release|Any CPU
		{C0ECE619-9A41-46C3-AFC7-5317D50C60CA}.Release|Any CPU.Build.0 = Release|Any CPU
		{E8AF1C63-1827-44FF-B498-9910ED6ECE66}.Debug|Any CPU.ActiveCfg = Debug|Any CPU
		{E8AF1C63-1827-44FF-B498-9910ED6ECE66}.Debug|Any CPU.Build.0 = Debug|Any CPU
		{E8AF1C63-1827-44FF-B498-9910ED6ECE66}.Release|Any CPU.ActiveCfg = Release|Any CPU
		{E8AF1C63-1827-44FF-B498-9910ED6ECE66}.Release|Any CPU.Build.0 = Release|Any CPU
		{6218A945-0E06-4229-A6A5-E404A108D727}.Debug|Any CPU.ActiveCfg = Debug|Any CPU
		{6218A945-0E06-4229-A6A5-E404A108D727}.Debug|Any CPU.Build.0 = Debug|Any CPU
		{6218A945-0E06-4229-A6A5-E404A108D727}.Release|Any CPU.ActiveCfg = Release|Any CPU
		{6218A945-0E06-4229-A6A5-E404A108D727}.Release|Any CPU.Build.0 = Release|Any CPU
		{6356B739-5952-41AD-BBE8-A74FADE646BC}.Debug|Any CPU.ActiveCfg = Debug|Any CPU
		{6356B739-5952-41AD-BBE8-A74FADE646BC}.Debug|Any CPU.Build.0 = Debug|Any CPU
		{6356B739-5952-41AD-BBE8-A74FADE646BC}.Release|Any CPU.ActiveCfg = Release|Any CPU
		{6356B739-5952-41AD-BBE8-A74FADE646BC}.Release|Any CPU.Build.0 = Release|Any CPU
		{54445A9F-5F86-40FA-8016-1D1F2A7B4B6F}.Debug|Any CPU.ActiveCfg = Debug|Any CPU
		{54445A9F-5F86-40FA-8016-1D1F2A7B4B6F}.Debug|Any CPU.Build.0 = Debug|Any CPU
		{54445A9F-5F86-40FA-8016-1D1F2A7B4B6F}.Release|Any CPU.ActiveCfg = Release|Any CPU
		{54445A9F-5F86-40FA-8016-1D1F2A7B4B6F}.Release|Any CPU.Build.0 = Release|Any CPU
		{B6E42F0E-2F7A-4AE0-A632-0F881A5F6432}.Debug|Any CPU.ActiveCfg = Debug|Any CPU
		{B6E42F0E-2F7A-4AE0-A632-0F881A5F6432}.Debug|Any CPU.Build.0 = Debug|Any CPU
		{B6E42F0E-2F7A-4AE0-A632-0F881A5F6432}.Release|Any CPU.ActiveCfg = Release|Any CPU
		{B6E42F0E-2F7A-4AE0-A632-0F881A5F6432}.Release|Any CPU.Build.0 = Release|Any CPU
		{EEEAD3EF-0808-42C0-9FEE-08D823AE8576}.Debug|Any CPU.ActiveCfg = Debug|Any CPU
		{EEEAD3EF-0808-42C0-9FEE-08D823AE8576}.Debug|Any CPU.Build.0 = Debug|Any CPU
		{EEEAD3EF-0808-42C0-9FEE-08D823AE8576}.Release|Any CPU.ActiveCfg = Release|Any CPU
		{EEEAD3EF-0808-42C0-9FEE-08D823AE8576}.Release|Any CPU.Build.0 = Release|Any CPU
		{3BF69586-33B4-45B9-8DD5-62AA1CBDB395}.Debug|Any CPU.ActiveCfg = Debug|Any CPU
		{3BF69586-33B4-45B9-8DD5-62AA1CBDB395}.Debug|Any CPU.Build.0 = Debug|Any CPU
		{3BF69586-33B4-45B9-8DD5-62AA1CBDB395}.Release|Any CPU.ActiveCfg = Release|Any CPU
		{3BF69586-33B4-45B9-8DD5-62AA1CBDB395}.Release|Any CPU.Build.0 = Release|Any CPU
		{6FD71648-5B18-4A9D-90FC-838089745A25}.Debug|Any CPU.ActiveCfg = Debug|Any CPU
		{6FD71648-5B18-4A9D-90FC-838089745A25}.Debug|Any CPU.Build.0 = Debug|Any CPU
		{6FD71648-5B18-4A9D-90FC-838089745A25}.Release|Any CPU.ActiveCfg = Release|Any CPU
		{6FD71648-5B18-4A9D-90FC-838089745A25}.Release|Any CPU.Build.0 = Release|Any CPU
		{A36F1EFF-848D-450D-A182-B13D8DDB2DE6}.Debug|Any CPU.ActiveCfg = Debug|Any CPU
		{A36F1EFF-848D-450D-A182-B13D8DDB2DE6}.Debug|Any CPU.Build.0 = Debug|Any CPU
		{A36F1EFF-848D-450D-A182-B13D8DDB2DE6}.Release|Any CPU.ActiveCfg = Release|Any CPU
		{A36F1EFF-848D-450D-A182-B13D8DDB2DE6}.Release|Any CPU.Build.0 = Release|Any CPU
	EndGlobalSection
	GlobalSection(SolutionProperties) = preSolution
		HideSolutionNode = FALSE
	EndGlobalSection
	GlobalSection(NestedProjects) = preSolution
		{DED955E5-16AE-4EC7-8FC1-50A74F063334} = {F82953B2-4AAC-460B-B2B9-A0C1EE5BDBF4}
		{D5CB191C-B703-4733-9A4F-B31799A74EB9} = {F82953B2-4AAC-460B-B2B9-A0C1EE5BDBF4}
		{191456D7-74FB-4656-92F1-AB341D1DB613} = {F82953B2-4AAC-460B-B2B9-A0C1EE5BDBF4}
		{A6DCD879-7D01-42C9-AC16-62E05BB55F0A} = {74E33762-DDC1-4564-9526-A67DDC5BFBCF}
		{C9989424-920F-44F9-BB6C-8AC8A85103F0} = {74E33762-DDC1-4564-9526-A67DDC5BFBCF}
		{17851AD2-7967-48C3-BF6F-147D24FE06C4} = {74E33762-DDC1-4564-9526-A67DDC5BFBCF}
		{0C250F64-D451-4EC3-A56A-698594FDB758} = {74E33762-DDC1-4564-9526-A67DDC5BFBCF}
		{5A50BDF1-F6BD-44C1-AAF7-0BAFF90411E7} = {74E33762-DDC1-4564-9526-A67DDC5BFBCF}
		{2813D3F2-4016-433D-98D1-3AE788C64DE0} = {9E737645-5914-46E3-B2A1-570FF1299D54}
		{C0ECE619-9A41-46C3-AFC7-5317D50C60CA} = {9E737645-5914-46E3-B2A1-570FF1299D54}
		{E8AF1C63-1827-44FF-B498-9910ED6ECE66} = {9E737645-5914-46E3-B2A1-570FF1299D54}
		{6218A945-0E06-4229-A6A5-E404A108D727} = {9E737645-5914-46E3-B2A1-570FF1299D54}
		{6356B739-5952-41AD-BBE8-A74FADE646BC} = {9E737645-5914-46E3-B2A1-570FF1299D54}
		{54445A9F-5F86-40FA-8016-1D1F2A7B4B6F} = {9E737645-5914-46E3-B2A1-570FF1299D54}
		{B6E42F0E-2F7A-4AE0-A632-0F881A5F6432} = {6BFA1AEF-1522-4B85-8486-82BFB6DAF343}
		{EEEAD3EF-0808-42C0-9FEE-08D823AE8576} = {6BFA1AEF-1522-4B85-8486-82BFB6DAF343}
		{3BF69586-33B4-45B9-8DD5-62AA1CBDB395} = {469EC9EE-9BA8-4F59-895E-11B7B39DF747}
		{6FD71648-5B18-4A9D-90FC-838089745A25} = {469EC9EE-9BA8-4F59-895E-11B7B39DF747}
		{A36F1EFF-848D-450D-A182-B13D8DDB2DE6} = {469EC9EE-9BA8-4F59-895E-11B7B39DF747}
	EndGlobalSection
	GlobalSection(ExtensibilityGlobals) = postSolution
		SolutionGuid = {6C3D71A4-BB93-4F43-B9C0-B005AA1E1718}
	EndGlobalSection
EndGlobal
