
Microsoft Visual Studio Solution File, Format Version 12.00
# Visual Studio Version 17
VisualStudioVersion = 17.6.33723.286
MinimumVisualStudioVersion = 10.0.40219.1
Project("{2150E333-8FDC-42A3-9474-1A3956D46DE8}") = "Assignment02", "Assignment02", "{B7D328EB-6CDD-4B01-8D23-3EFED77238D1}"
EndProject
Project("{FAE04EC0-301F-11D3-BF4B-00C04F79EFBC}") = "A2Task2", "Task2\A2Task2.csproj", "{58FBA54D-BB8A-4330-A7D2-14C83385972F}"
EndProject
Project("{FAE04EC0-301F-11D3-BF4B-00C04F79EFBC}") = "A2Task3", "Task3\A2Task3.csproj", "{394EB245-D7C5-4926-B0D4-0570550C40F3}"
EndProject
Project("{FAE04EC0-301F-11D3-BF4B-00C04F79EFBC}") = "A3Task4", "Task4\A3Task4.csproj", "{FB8369FC-1C7F-43F4-A331-447A057BDC54}"
EndProject
Global
	GlobalSection(SolutionConfigurationPlatforms) = preSolution
		Debug|Any CPU = Debug|Any CPU
		Release|Any CPU = Release|Any CPU
	EndGlobalSection
	GlobalSection(ProjectConfigurationPlatforms) = postSolution
		{58FBA54D-BB8A-4330-A7D2-14C83385972F}.Debug|Any CPU.ActiveCfg = Debug|Any CPU
		{58FBA54D-BB8A-4330-A7D2-14C83385972F}.Debug|Any CPU.Build.0 = Debug|Any CPU
		{58FBA54D-BB8A-4330-A7D2-14C83385972F}.Release|Any CPU.ActiveCfg = Release|Any CPU
		{58FBA54D-BB8A-4330-A7D2-14C83385972F}.Release|Any CPU.Build.0 = Release|Any CPU
		{394EB245-D7C5-4926-B0D4-0570550C40F3}.Debug|Any CPU.ActiveCfg = Debug|Any CPU
		{394EB245-D7C5-4926-B0D4-0570550C40F3}.Debug|Any CPU.Build.0 = Debug|Any CPU
		{394EB245-D7C5-4926-B0D4-0570550C40F3}.Release|Any CPU.ActiveCfg = Release|Any CPU
		{394EB245-D7C5-4926-B0D4-0570550C40F3}.Release|Any CPU.Build.0 = Release|Any CPU
		{FB8369FC-1C7F-43F4-A331-447A057BDC54}.Debug|Any CPU.ActiveCfg = Debug|Any CPU
		{FB8369FC-1C7F-43F4-A331-447A057BDC54}.Debug|Any CPU.Build.0 = Debug|Any CPU
		{FB8369FC-1C7F-43F4-A331-447A057BDC54}.Release|Any CPU.ActiveCfg = Release|Any CPU
		{FB8369FC-1C7F-43F4-A331-447A057BDC54}.Release|Any CPU.Build.0 = Release|Any CPU
	EndGlobalSection
	GlobalSection(SolutionProperties) = preSolution
		HideSolutionNode = FALSE
	EndGlobalSection
	GlobalSection(NestedProjects) = preSolution
		{58FBA54D-BB8A-4330-A7D2-14C83385972F} = {B7D328EB-6CDD-4B01-8D23-3EFED77238D1}
		{394EB245-D7C5-4926-B0D4-0570550C40F3} = {B7D328EB-6CDD-4B01-8D23-3EFED77238D1}
		{FB8369FC-1C7F-43F4-A331-447A057BDC54} = {B7D328EB-6CDD-4B01-8D23-3EFED77238D1}
	EndGlobalSection
	GlobalSection(ExtensibilityGlobals) = postSolution
		SolutionGuid = {6C3D71A4-BB93-4F43-B9C0-B005AA1E1718}
	EndGlobalSection
EndGlobal
