
Microsoft Visual Studio Solution File, Format Version 12.00
# Visual Studio Version 17
VisualStudioVersion = 17.6.33723.286
MinimumVisualStudioVersion = 10.0.40219.1
Project("{9A19103F-16F7-4668-BE54-9A1E7A4F7556}") = "TBCAcademyCsharp", "TBCAcademyCsharp.csproj", "{6A5B77E8-4FBD-48B3-8331-07FFDBBF7B93}"
EndProject
Project("{FAE04EC0-301F-11D3-BF4B-00C04F79EFBC}") = "Assignment02", "..\Assignment02\Assignment02.csproj", "{8B5B157D-9930-4AA7-8B8D-E2605DCDC679}"
EndProject
Global
	GlobalSection(SolutionConfigurationPlatforms) = preSolution
		Debug|Any CPU = Debug|Any CPU
		Release|Any CPU = Release|Any CPU
	EndGlobalSection
	GlobalSection(ProjectConfigurationPlatforms) = postSolution
		{6A5B77E8-4FBD-48B3-8331-07FFDBBF7B93}.Debug|Any CPU.ActiveCfg = Debug|Any CPU
		{6A5B77E8-4FBD-48B3-8331-07FFDBBF7B93}.Debug|Any CPU.Build.0 = Debug|Any CPU
		{6A5B77E8-4FBD-48B3-8331-07FFDBBF7B93}.Release|Any CPU.ActiveCfg = Release|Any CPU
		{6A5B77E8-4FBD-48B3-8331-07FFDBBF7B93}.Release|Any CPU.Build.0 = Release|Any CPU
		{8B5B157D-9930-4AA7-8B8D-E2605DCDC679}.Debug|Any CPU.ActiveCfg = Debug|Any CPU
		{8B5B157D-9930-4AA7-8B8D-E2605DCDC679}.Debug|Any CPU.Build.0 = Debug|Any CPU
		{8B5B157D-9930-4AA7-8B8D-E2605DCDC679}.Release|Any CPU.ActiveCfg = Release|Any CPU
		{8B5B157D-9930-4AA7-8B8D-E2605DCDC679}.Release|Any CPU.Build.0 = Release|Any CPU
	EndGlobalSection
	GlobalSection(SolutionProperties) = preSolution
		HideSolutionNode = FALSE
	EndGlobalSection
	GlobalSection(ExtensibilityGlobals) = postSolution
		SolutionGuid = {77E47DC3-86FE-4100-B162-06FE2A2B1A6E}
	EndGlobalSection
EndGlobal
